// !$*UTF8*$!
{
	archiveVersion = 1;
	classes = {
	};
	objectVersion = 55;
	objects = {

/* Begin PBXBuildFile section */
		2C6185D128CF812700E637DD /* ScrumdingerApp.swift in Sources */ = {isa = PBXBuildFile; fileRef = 2C6185D028CF812700E637DD /* ScrumdingerApp.swift */; };
		2C6185D328CF812700E637DD /* MeetingView.swift in Sources */ = {isa = PBXBuildFile; fileRef = 2C6185D228CF812700E637DD /* MeetingView.swift */; };
		2C6185D828CF812900E637DD /* Preview Assets.xcassets in Resources */ = {isa = PBXBuildFile; fileRef = 2C6185D728CF812900E637DD /* Preview Assets.xcassets */; };
		2C816CB328D06CB100F204D7 /* Theme.swift in Sources */ = {isa = PBXBuildFile; fileRef = 2C816CB228D06CB100F204D7 /* Theme.swift */; };
		2C816CB528D06D5D00F204D7 /* DailyScrum.swift in Sources */ = {isa = PBXBuildFile; fileRef = 2C816CB428D06D5D00F204D7 /* DailyScrum.swift */; };
		2C816CB728D06DD700F204D7 /* CardView.swift in Sources */ = {isa = PBXBuildFile; fileRef = 2C816CB628D06DD700F204D7 /* CardView.swift */; };
		2C816CB928D0821C00F204D7 /* TrailingIconLabelStyle.swift in Sources */ = {isa = PBXBuildFile; fileRef = 2C816CB828D0821C00F204D7 /* TrailingIconLabelStyle.swift */; };
		2C816CBB28D0844400F204D7 /* ScrumsView.swift in Sources */ = {isa = PBXBuildFile; fileRef = 2C816CBA28D0844400F204D7 /* ScrumsView.swift */; };
		2CE870FC28D08C240054C52A /* Assets.xcassets in Resources */ = {isa = PBXBuildFile; fileRef = 2CE870FB28D08C240054C52A /* Assets.xcassets */; };
		2CE8710028D0A7A70054C52A /* DetailView.swift in Sources */ = {isa = PBXBuildFile; fileRef = 2CE870FF28D0A7A70054C52A /* DetailView.swift */; };
		2CE8710228D0AEF50054C52A /* DetailEditView.swift in Sources */ = {isa = PBXBuildFile; fileRef = 2CE8710128D0AEF50054C52A /* DetailEditView.swift */; };
		2CE8710428D0B2BE0054C52A /* ThemeView.swift in Sources */ = {isa = PBXBuildFile; fileRef = 2CE8710328D0B2BE0054C52A /* ThemeView.swift */; };
		2CE8710628D0B3540054C52A /* ThemePicker.swift in Sources */ = {isa = PBXBuildFile; fileRef = 2CE8710528D0B3540054C52A /* ThemePicker.swift */; };
		2CE8710828D0C0340054C52A /* MeetingHeaderView.swift in Sources */ = {isa = PBXBuildFile; fileRef = 2CE8710728D0C0340054C52A /* MeetingHeaderView.swift */; };
		2CE8710A28D0C2040054C52A /* ScrumProgressViewStyle.swift in Sources */ = {isa = PBXBuildFile; fileRef = 2CE8710928D0C2040054C52A /* ScrumProgressViewStyle.swift */; };
		2CE8710C28D0C2BF0054C52A /* ScrumTimer.swift in Sources */ = {isa = PBXBuildFile; fileRef = 2CE8710B28D0C2BF0054C52A /* ScrumTimer.swift */; };
		2CE8710E28D0C4280054C52A /* MeetingFooterView.swift in Sources */ = {isa = PBXBuildFile; fileRef = 2CE8710D28D0C4280054C52A /* MeetingFooterView.swift */; };
		2CE8711028D0C6A80054C52A /* AVPlayer+Ding.swift in Sources */ = {isa = PBXBuildFile; fileRef = 2CE8710F28D0C6A80054C52A /* AVPlayer+Ding.swift */; };
		2CE8711528D0C8680054C52A /* ding.wav in Resources */ = {isa = PBXBuildFile; fileRef = 2CE8711428D0C8680054C52A /* ding.wav */; };
		2CE8711728D1CDBE0054C52A /* History.swift in Sources */ = {isa = PBXBuildFile; fileRef = 2CE8711628D1CDBE0054C52A /* History.swift */; };
		2CE8711928D206C90054C52A /* ScrumStore.swift in Sources */ = {isa = PBXBuildFile; fileRef = 2CE8711828D206C90054C52A /* ScrumStore.swift */; };
/* End PBXBuildFile section */

/* Begin PBXFileReference section */
		2C6185CD28CF812700E637DD /* Scrumdinger.app */ = {isa = PBXFileReference; explicitFileType = wrapper.application; includeInIndex = 0; path = Scrumdinger.app; sourceTree = BUILT_PRODUCTS_DIR; };
		2C6185D028CF812700E637DD /* ScrumdingerApp.swift */ = {isa = PBXFileReference; lastKnownFileType = sourcecode.swift; path = ScrumdingerApp.swift; sourceTree = "<group>"; };
		2C6185D228CF812700E637DD /* MeetingView.swift */ = {isa = PBXFileReference; lastKnownFileType = sourcecode.swift; path = MeetingView.swift; sourceTree = "<group>"; };
		2C6185D728CF812900E637DD /* Preview Assets.xcassets */ = {isa = PBXFileReference; lastKnownFileType = folder.assetcatalog; path = "Preview Assets.xcassets"; sourceTree = "<group>"; };
		2C816CB228D06CB100F204D7 /* Theme.swift */ = {isa = PBXFileReference; lastKnownFileType = sourcecode.swift; path = Theme.swift; sourceTree = "<group>"; };
		2C816CB428D06D5D00F204D7 /* DailyScrum.swift */ = {isa = PBXFileReference; lastKnownFileType = sourcecode.swift; path = DailyScrum.swift; sourceTree = "<group>"; };
		2C816CB628D06DD700F204D7 /* CardView.swift */ = {isa = PBXFileReference; lastKnownFileType = sourcecode.swift; path = CardView.swift; sourceTree = "<group>"; };
		2C816CB828D0821C00F204D7 /* TrailingIconLabelStyle.swift */ = {isa = PBXFileReference; lastKnownFileType = sourcecode.swift; path = TrailingIconLabelStyle.swift; sourceTree = "<group>"; };
		2C816CBA28D0844400F204D7 /* ScrumsView.swift */ = {isa = PBXFileReference; lastKnownFileType = sourcecode.swift; path = ScrumsView.swift; sourceTree = "<group>"; };
		2CE870FB28D08C240054C52A /* Assets.xcassets */ = {isa = PBXFileReference; lastKnownFileType = folder.assetcatalog; name = Assets.xcassets; path = ../Assets.xcassets; sourceTree = "<group>"; };
		2CE870FF28D0A7A70054C52A /* DetailView.swift */ = {isa = PBXFileReference; lastKnownFileType = sourcecode.swift; path = DetailView.swift; sourceTree = "<group>"; };
		2CE8710128D0AEF50054C52A /* DetailEditView.swift */ = {isa = PBXFileReference; lastKnownFileType = sourcecode.swift; path = DetailEditView.swift; sourceTree = "<group>"; };
		2CE8710328D0B2BE0054C52A /* ThemeView.swift */ = {isa = PBXFileReference; lastKnownFileType = sourcecode.swift; path = ThemeView.swift; sourceTree = "<group>"; };
		2CE8710528D0B3540054C52A /* ThemePicker.swift */ = {isa = PBXFileReference; lastKnownFileType = sourcecode.swift; path = ThemePicker.swift; sourceTree = "<group>"; };
		2CE8710728D0C0340054C52A /* MeetingHeaderView.swift */ = {isa = PBXFileReference; lastKnownFileType = sourcecode.swift; path = MeetingHeaderView.swift; sourceTree = "<group>"; };
		2CE8710928D0C2040054C52A /* ScrumProgressViewStyle.swift */ = {isa = PBXFileReference; fileEncoding = 4; lastKnownFileType = sourcecode.swift; path = ScrumProgressViewStyle.swift; sourceTree = "<group>"; };
		2CE8710B28D0C2BF0054C52A /* ScrumTimer.swift */ = {isa = PBXFileReference; fileEncoding = 4; lastKnownFileType = sourcecode.swift; path = ScrumTimer.swift; sourceTree = "<group>"; };
		2CE8710D28D0C4280054C52A /* MeetingFooterView.swift */ = {isa = PBXFileReference; lastKnownFileType = sourcecode.swift; path = MeetingFooterView.swift; sourceTree = "<group>"; };
		2CE8710F28D0C6A80054C52A /* AVPlayer+Ding.swift */ = {isa = PBXFileReference; fileEncoding = 4; lastKnownFileType = sourcecode.swift; path = "AVPlayer+Ding.swift"; sourceTree = "<group>"; };
		2CE8711428D0C8680054C52A /* ding.wav */ = {isa = PBXFileReference; lastKnownFileType = audio.wav; path = ding.wav; sourceTree = "<group>"; };
		2CE8711628D1CDBE0054C52A /* History.swift */ = {isa = PBXFileReference; lastKnownFileType = sourcecode.swift; path = History.swift; sourceTree = "<group>"; };
		2CE8711828D206C90054C52A /* ScrumStore.swift */ = {isa = PBXFileReference; lastKnownFileType = sourcecode.swift; path = ScrumStore.swift; sourceTree = "<group>"; };
/* End PBXFileReference section */

/* Begin PBXFrameworksBuildPhase section */
		2C6185CA28CF812700E637DD /* Frameworks */ = {
			isa = PBXFrameworksBuildPhase;
			buildActionMask = 2147483647;
			files = (
			);
			runOnlyForDeploymentPostprocessing = 0;
		};
/* End PBXFrameworksBuildPhase section */

/* Begin PBXGroup section */
		2C6185C428CF812700E637DD = {
			isa = PBXGroup;
			children = (
				2C6185CF28CF812700E637DD /* Scrumdinger */,
				2C6185CE28CF812700E637DD /* Products */,
			);
			sourceTree = "<group>";
		};
		2C6185CE28CF812700E637DD /* Products */ = {
			isa = PBXGroup;
			children = (
				2C6185CD28CF812700E637DD /* Scrumdinger.app */,
			);
			name = Products;
			sourceTree = "<group>";
		};
		2C6185CF28CF812700E637DD /* Scrumdinger */ = {
			isa = PBXGroup;
			children = (
				2CE8711328D0C8230054C52A /* Resources */,
				2CE870FB28D08C240054C52A /* Assets.xcassets */,
				2C816CB128D06C9A00F204D7 /* Models */,
				2C6185D028CF812700E637DD /* ScrumdingerApp.swift */,
				2C6185D228CF812700E637DD /* MeetingView.swift */,
				2C6185D628CF812900E637DD /* Preview Content */,
				2C816CB628D06DD700F204D7 /* CardView.swift */,
				2C816CB828D0821C00F204D7 /* TrailingIconLabelStyle.swift */,
				2C816CBA28D0844400F204D7 /* ScrumsView.swift */,
				2CE870FF28D0A7A70054C52A /* DetailView.swift */,
				2CE8710128D0AEF50054C52A /* DetailEditView.swift */,
				2CE8710328D0B2BE0054C52A /* ThemeView.swift */,
				2CE8710528D0B3540054C52A /* ThemePicker.swift */,
				2CE8710728D0C0340054C52A /* MeetingHeaderView.swift */,
				2CE8710928D0C2040054C52A /* ScrumProgressViewStyle.swift */,
				2CE8710D28D0C4280054C52A /* MeetingFooterView.swift */,
			);
			path = Scrumdinger;
			sourceTree = "<group>";
		};
		2C6185D628CF812900E637DD /* Preview Content */ = {
			isa = PBXGroup;
			children = (
				2C6185D728CF812900E637DD /* Preview Assets.xcassets */,
			);
			path = "Preview Content";
			sourceTree = "<group>";
		};
		2C816CB128D06C9A00F204D7 /* Models */ = {
			isa = PBXGroup;
			children = (
				2CE8710B28D0C2BF0054C52A /* ScrumTimer.swift */,
				2CE8710F28D0C6A80054C52A /* AVPlayer+Ding.swift */,
				2C816CB228D06CB100F204D7 /* Theme.swift */,
				2C816CB428D06D5D00F204D7 /* DailyScrum.swift */,
				2CE8711628D1CDBE0054C52A /* History.swift */,
				2CE8711828D206C90054C52A /* ScrumStore.swift */,
			);
			path = Models;
			sourceTree = "<group>";
		};
		2CE8711328D0C8230054C52A /* Resources */ = {
			isa = PBXGroup;
			children = (
				2CE8711428D0C8680054C52A /* ding.wav */,
			);
			path = Resources;
			sourceTree = "<group>";
		};
/* End PBXGroup section */

/* Begin PBXNativeTarget section */
		2C6185CC28CF812700E637DD /* Scrumdinger */ = {
			isa = PBXNativeTarget;
			buildConfigurationList = 2C6185DB28CF812900E637DD /* Build configuration list for PBXNativeTarget "Scrumdinger" */;
			buildPhases = (
				2C6185C928CF812700E637DD /* Sources */,
				2C6185CA28CF812700E637DD /* Frameworks */,
				2C6185CB28CF812700E637DD /* Resources */,
			);
			buildRules = (
			);
			dependencies = (
			);
			name = Scrumdinger;
			productName = Scrumdinger;
			productReference = 2C6185CD28CF812700E637DD /* Scrumdinger.app */;
			productType = "com.apple.product-type.application";
		};
/* End PBXNativeTarget section */

/* Begin PBXProject section */
		2C6185C528CF812700E637DD /* Project object */ = {
			isa = PBXProject;
			attributes = {
				BuildIndependentTargetsInParallel = 1;
				LastSwiftUpdateCheck = 1340;
				LastUpgradeCheck = 1340;
				TargetAttributes = {
					2C6185CC28CF812700E637DD = {
						CreatedOnToolsVersion = 13.4.1;
					};
				};
			};
			buildConfigurationList = 2C6185C828CF812700E637DD /* Build configuration list for PBXProject "Scrumdinger" */;
			compatibilityVersion = "Xcode 13.0";
			developmentRegion = en;
			hasScannedForEncodings = 0;
			knownRegions = (
				en,
				Base,
			);
			mainGroup = 2C6185C428CF812700E637DD;
			productRefGroup = 2C6185CE28CF812700E637DD /* Products */;
			projectDirPath = "";
			projectRoot = "";
			targets = (
				2C6185CC28CF812700E637DD /* Scrumdinger */,
			);
		};
/* End PBXProject section */

/* Begin PBXResourcesBuildPhase section */
		2C6185CB28CF812700E637DD /* Resources */ = {
			isa = PBXResourcesBuildPhase;
			buildActionMask = 2147483647;
			files = (
				2CE8711528D0C8680054C52A /* ding.wav in Resources */,
				2CE870FC28D08C240054C52A /* Assets.xcassets in Resources */,
				2C6185D828CF812900E637DD /* Preview Assets.xcassets in Resources */,
			);
			runOnlyForDeploymentPostprocessing = 0;
		};
/* End PBXResourcesBuildPhase section */

/* Begin PBXSourcesBuildPhase section */
		2C6185C928CF812700E637DD /* Sources */ = {
			isa = PBXSourcesBuildPhase;
			buildActionMask = 2147483647;
			files = (
				2CE8711728D1CDBE0054C52A /* History.swift in Sources */,
				2CE8710628D0B3540054C52A /* ThemePicker.swift in Sources */,
				2CE8710A28D0C2040054C52A /* ScrumProgressViewStyle.swift in Sources */,
				2CE8710E28D0C4280054C52A /* MeetingFooterView.swift in Sources */,
				2CE8711928D206C90054C52A /* ScrumStore.swift in Sources */,
				2CE8710C28D0C2BF0054C52A /* ScrumTimer.swift in Sources */,
				2C816CB528D06D5D00F204D7 /* DailyScrum.swift in Sources */,
				2CE8710028D0A7A70054C52A /* DetailView.swift in Sources */,
				2CE8710828D0C0340054C52A /* MeetingHeaderView.swift in Sources */,
				2CE8710228D0AEF50054C52A /* DetailEditView.swift in Sources */,
				2C816CB928D0821C00F204D7 /* TrailingIconLabelStyle.swift in Sources */,
				2C816CB328D06CB100F204D7 /* Theme.swift in Sources */,
				2C816CBB28D0844400F204D7 /* ScrumsView.swift in Sources */,
				2C6185D328CF812700E637DD /* MeetingView.swift in Sources */,
				2C6185D128CF812700E637DD /* ScrumdingerApp.swift in Sources */,
				2CE8710428D0B2BE0054C52A /* ThemeView.swift in Sources */,
				2C816CB728D06DD700F204D7 /* CardView.swift in Sources */,
				2CE8711028D0C6A80054C52A /* AVPlayer+Ding.swift in Sources */,
			);
			runOnlyForDeploymentPostprocessing = 0;
		};
/* End PBXSourcesBuildPhase section */

/* Begin XCBuildConfiguration section */
		2C6185D928CF812900E637DD /* Debug */ = {
			isa = XCBuildConfiguration;
			buildSettings = {
				ALWAYS_SEARCH_USER_PATHS = NO;
				CLANG_ANALYZER_NONNULL = YES;
				CLANG_ANALYZER_NUMBER_OBJECT_CONVERSION = YES_AGGRESSIVE;
				CLANG_CXX_LANGUAGE_STANDARD = "gnu++17";
				CLANG_ENABLE_MODULES = YES;
				CLANG_ENABLE_OBJC_ARC = YES;
				CLANG_ENABLE_OBJC_WEAK = YES;
				CLANG_WARN_BLOCK_CAPTURE_AUTORELEASING = YES;
				CLANG_WARN_BOOL_CONVERSION = YES;
				CLANG_WARN_COMMA = YES;
				CLANG_WARN_CONSTANT_CONVERSION = YES;
				CLANG_WARN_DEPRECATED_OBJC_IMPLEMENTATIONS = YES;
				CLANG_WARN_DIRECT_OBJC_ISA_USAGE = YES_ERROR;
				CLANG_WARN_DOCUMENTATION_COMMENTS = YES;
				CLANG_WARN_EMPTY_BODY = YES;
				CLANG_WARN_ENUM_CONVERSION = YES;
				CLANG_WARN_INFINITE_RECURSION = YES;
				CLANG_WARN_INT_CONVERSION = YES;
				CLANG_WARN_NON_LITERAL_NULL_CONVERSION = YES;
				CLANG_WARN_OBJC_IMPLICIT_RETAIN_SELF = YES;
				CLANG_WARN_OBJC_LITERAL_CONVERSION = YES;
				CLANG_WARN_OBJC_ROOT_CLASS = YES_ERROR;
				CLANG_WARN_QUOTED_INCLUDE_IN_FRAMEWORK_HEADER = YES;
				CLANG_WARN_RANGE_LOOP_ANALYSIS = YES;
				CLANG_WARN_STRICT_PROTOTYPES = YES;
				CLANG_WARN_SUSPICIOUS_MOVE = YES;
				CLANG_WARN_UNGUARDED_AVAILABILITY = YES_AGGRESSIVE;
				CLANG_WARN_UNREACHABLE_CODE = YES;
				CLANG_WARN__DUPLICATE_METHOD_MATCH = YES;
				COPY_PHASE_STRIP = NO;
				DEBUG_INFORMATION_FORMAT = dwarf;
				ENABLE_STRICT_OBJC_MSGSEND = YES;
				ENABLE_TESTABILITY = YES;
				GCC_C_LANGUAGE_STANDARD = gnu11;
				GCC_DYNAMIC_NO_PIC = NO;
				GCC_NO_COMMON_BLOCKS = YES;
				GCC_OPTIMIZATION_LEVEL = 0;
				GCC_PREPROCESSOR_DEFINITIONS = (
					"DEBUG=1",
					"$(inherited)",
				);
				GCC_WARN_64_TO_32_BIT_CONVERSION = YES;
				GCC_WARN_ABOUT_RETURN_TYPE = YES_ERROR;
				GCC_WARN_UNDECLARED_SELECTOR = YES;
				GCC_WARN_UNINITIALIZED_AUTOS = YES_AGGRESSIVE;
				GCC_WARN_UNUSED_FUNCTION = YES;
				GCC_WARN_UNUSED_VARIABLE = YES;
				IPHONEOS_DEPLOYMENT_TARGET = 15.5;
				MTL_ENABLE_DEBUG_INFO = INCLUDE_SOURCE;
				MTL_FAST_MATH = YES;
				ONLY_ACTIVE_ARCH = YES;
				SDKROOT = iphoneos;
				SWIFT_ACTIVE_COMPILATION_CONDITIONS = DEBUG;
				SWIFT_OPTIMIZATION_LEVEL = "-Onone";
			};
			name = Debug;
		};
		2C6185DA28CF812900E637DD /* Release */ = {
			isa = XCBuildConfiguration;
			buildSettings = {
				ALWAYS_SEARCH_USER_PATHS = NO;
				CLANG_ANALYZER_NONNULL = YES;
				CLANG_ANALYZER_NUMBER_OBJECT_CONVERSION = YES_AGGRESSIVE;
				CLANG_CXX_LANGUAGE_STANDARD = "gnu++17";
				CLANG_ENABLE_MODULES = YES;
				CLANG_ENABLE_OBJC_ARC = YES;
				CLANG_ENABLE_OBJC_WEAK = YES;
				CLANG_WARN_BLOCK_CAPTURE_AUTORELEASING = YES;
				CLANG_WARN_BOOL_CONVERSION = YES;
				CLANG_WARN_COMMA = YES;
				CLANG_WARN_CONSTANT_CONVERSION = YES;
				CLANG_WARN_DEPRECATED_OBJC_IMPLEMENTATIONS = YES;
				CLANG_WARN_DIRECT_OBJC_ISA_USAGE = YES_ERROR;
				CLANG_WARN_DOCUMENTATION_COMMENTS = YES;
				CLANG_WARN_EMPTY_BODY = YES;
				CLANG_WARN_ENUM_CONVERSION = YES;
				CLANG_WARN_INFINITE_RECURSION = YES;
				CLANG_WARN_INT_CONVERSION = YES;
				CLANG_WARN_NON_LITERAL_NULL_CONVERSION = YES;
				CLANG_WARN_OBJC_IMPLICIT_RETAIN_SELF = YES;
				CLANG_WARN_OBJC_LITERAL_CONVERSION = YES;
				CLANG_WARN_OBJC_ROOT_CLASS = YES_ERROR;
				CLANG_WARN_QUOTED_INCLUDE_IN_FRAMEWORK_HEADER = YES;
				CLANG_WARN_RANGE_LOOP_ANALYSIS = YES;
				CLANG_WARN_STRICT_PROTOTYPES = YES;
				CLANG_WARN_SUSPICIOUS_MOVE = YES;
				CLANG_WARN_UNGUARDED_AVAILABILITY = YES_AGGRESSIVE;
				CLANG_WARN_UNREACHABLE_CODE = YES;
				CLANG_WARN__DUPLICATE_METHOD_MATCH = YES;
				COPY_PHASE_STRIP = NO;
				DEBUG_INFORMATION_FORMAT = "dwarf-with-dsym";
				ENABLE_NS_ASSERTIONS = NO;
				ENABLE_STRICT_OBJC_MSGSEND = YES;
				GCC_C_LANGUAGE_STANDARD = gnu11;
				GCC_NO_COMMON_BLOCKS = YES;
				GCC_WARN_64_TO_32_BIT_CONVERSION = YES;
				GCC_WARN_ABOUT_RETURN_TYPE = YES_ERROR;
				GCC_WARN_UNDECLARED_SELECTOR = YES;
				GCC_WARN_UNINITIALIZED_AUTOS = YES_AGGRESSIVE;
				GCC_WARN_UNUSED_FUNCTION = YES;
				GCC_WARN_UNUSED_VARIABLE = YES;
				IPHONEOS_DEPLOYMENT_TARGET = 15.5;
				MTL_ENABLE_DEBUG_INFO = NO;
				MTL_FAST_MATH = YES;
				SDKROOT = iphoneos;
				SWIFT_COMPILATION_MODE = wholemodule;
				SWIFT_OPTIMIZATION_LEVEL = "-O";
				VALIDATE_PRODUCT = YES;
			};
			name = Release;
		};
		2C6185DC28CF812900E637DD /* Debug */ = {
			isa = XCBuildConfiguration;
			buildSettings = {
				ASSETCATALOG_COMPILER_APPICON_NAME = AppIcon;
				ASSETCATALOG_COMPILER_GLOBAL_ACCENT_COLOR_NAME = AccentColor;
				CODE_SIGN_STYLE = Automatic;
				CURRENT_PROJECT_VERSION = 1;
				DEVELOPMENT_ASSET_PATHS = "\"Scrumdinger/Preview Content\"";
				DEVELOPMENT_TEAM = 5KN774B3TX;
				ENABLE_PREVIEWS = YES;
				GENERATE_INFOPLIST_FILE = YES;
				INFOPLIST_KEY_UIApplicationSceneManifest_Generation = YES;
				INFOPLIST_KEY_UIApplicationSupportsIndirectInputEvents = YES;
				INFOPLIST_KEY_UILaunchScreen_Generation = YES;
				INFOPLIST_KEY_UISupportedInterfaceOrientations_iPad = "UIInterfaceOrientationPortrait UIInterfaceOrientationPortraitUpsideDown UIInterfaceOrientationLandscapeLeft UIInterfaceOrientationLandscapeRight";
				INFOPLIST_KEY_UISupportedInterfaceOrientations_iPhone = "UIInterfaceOrientationPortrait UIInterfaceOrientationLandscapeLeft UIInterfaceOrientationLandscapeRight";
				LD_RUNPATH_SEARCH_PATHS = (
					"$(inherited)",
					"@executable_path/Frameworks",
				);
				MARKETING_VERSION = 1.0;
				PRODUCT_BUNDLE_IDENTIFIER = com.ivan.scrumdinger.Scrumdinger;
				PRODUCT_NAME = "$(TARGET_NAME)";
				SWIFT_EMIT_LOC_STRINGS = YES;
				SWIFT_VERSION = 5.0;
				TARGETED_DEVICE_FAMILY = "1,2";
			};
			name = Debug;
		};
		2C6185DD28CF812900E637DD /* Release */ = {
			isa = XCBuildConfiguration;
			buildSettings = {
				ASSETCATALOG_COMPILER_APPICON_NAME = AppIcon;
				ASSETCATALOG_COMPILER_GLOBAL_ACCENT_COLOR_NAME = AccentColor;
				CODE_SIGN_STYLE = Automatic;
				CURRENT_PROJECT_VERSION = 1;
				DEVELOPMENT_ASSET_PATHS = "\"Scrumdinger/Preview Content\"";
				DEVELOPMENT_TEAM = 5KN774B3TX;
				ENABLE_PREVIEWS = YES;
				GENERATE_INFOPLIST_FILE = YES;
				INFOPLIST_KEY_UIApplicationSceneManifest_Generation = YES;
				INFOPLIST_KEY_UIApplicationSupportsIndirectInputEvents = YES;
				INFOPLIST_KEY_UILaunchScreen_Generation = YES;
				INFOPLIST_KEY_UISupportedInterfaceOrientations_iPad = "UIInterfaceOrientationPortrait UIInterfaceOrientationPortraitUpsideDown UIInterfaceOrientationLandscapeLeft UIInterfaceOrientationLandscapeRight";
				INFOPLIST_KEY_UISupportedInterfaceOrientations_iPhone = "UIInterfaceOrientationPortrait UIInterfaceOrientationLandscapeLeft UIInterfaceOrientationLandscapeRight";
				LD_RUNPATH_SEARCH_PATHS = (
					"$(inherited)",
					"@executable_path/Frameworks",
				);
				MARKETING_VERSION = 1.0;
				PRODUCT_BUNDLE_IDENTIFIER = com.ivan.scrumdinger.Scrumdinger;
				PRODUCT_NAME = "$(TARGET_NAME)";
				SWIFT_EMIT_LOC_STRINGS = YES;
				SWIFT_VERSION = 5.0;
				TARGETED_DEVICE_FAMILY = "1,2";
			};
			name = Release;
		};
/* End XCBuildConfiguration section */

/* Begin XCConfigurationList section */
		2C6185C828CF812700E637DD /* Build configuration list for PBXProject "Scrumdinger" */ = {
			isa = XCConfigurationList;
			buildConfigurations = (
				2C6185D928CF812900E637DD /* Debug */,
				2C6185DA28CF812900E637DD /* Release */,
			);
			defaultConfigurationIsVisible = 0;
			defaultConfigurationName = Release;
		};
		2C6185DB28CF812900E637DD /* Build configuration list for PBXNativeTarget "Scrumdinger" */ = {
			isa = XCConfigurationList;
			buildConfigurations = (
				2C6185DC28CF812900E637DD /* Debug */,
				2C6185DD28CF812900E637DD /* Release */,
			);
			defaultConfigurationIsVisible = 0;
			defaultConfigurationName = Release;
		};
/* End XCConfigurationList section */
	};
	rootObject = 2C6185C528CF812700E637DD /* Project object */;
}
